{
  "name": "artichron",
  "version": "1.0.0",
  "lockfileVersion": 2,
  "requires": true,
  "packages": {
    "": {
      "name": "artichron",
      "version": "1.0.0",
      "license": "MIT",
      "dependencies": {
        "run-func": "^3.0.0"
      }
    },
    "node_modules/run-func": {
      "version": "3.0.0",
      "resolved": "https://registry.npmjs.org/run-func/-/run-func-3.0.0.tgz",
      "integrity": "sha512-RZwVzBrD7biV5CiAgwEUdaRGt0hLjBrhn4PqemBuNogH9Sc/8Bv8p+6F6AweU5bxZXsb3Mxltgu+/f+TGi0udA==",
      "bin": {
        "run-func": "index.js",
        "run-func-mem": "mem.js"
      },
      "engines": {
        "node": ">=10.0.0",
        "npm": ">=6.0.0"
      }
    }
  },
  "dependencies": {
    "run-func": {
      "version": "3.0.0",
      "resolved": "https://registry.npmjs.org/run-func/-/run-func-3.0.0.tgz",
      "integrity": "sha512-RZwVzBrD7biV5CiAgwEUdaRGt0hLjBrhn4PqemBuNogH9Sc/8Bv8p+6F6AweU5bxZXsb3Mxltgu+/f+TGi0udA=="
    }
  }
}
